lockfile_version: '1'
generated_at: '2026-08-12T10:09:23.275648+00:00'
apm_version: 0.24.1
dependencies:
- repo_url: jonhill90/skills
  name: jonhill90-skills
  host: github.com
  resolved_commit: 882a707e51d5e1355e96e53badd557367956d63c
  resolved_ref: 882a707e51d5e1355e96e53badd557367956d63c
  version: 882a707
  package_type: marketplace_plugin
  content_hash: sha256:024010625af31aed8454268b9a10573c77f5629f6209590bd84f3c6be61b35b3
  skill_subset:
  - '*'
- repo_url: jonhill90/skills-private
  name: skills-private
  host: github.com
  resolved_commit: 6c19c64dddd0681cb36f7f7ae5bde7ae8dcbdec7
  resolved_ref: 6c19c64dddd0681cb36f7f7ae5bde7ae8dcbdec7
  version: 0.0.0
  package_type: skill_bundle
  content_hash: sha256:411bf1cfc72b536f13ef207375cbed9aeabbcf52e424591d3401a3236efe3985
  skill_subset:
  - '*'
