lockfile_version: '1'
generated_at: '2026-08-11T03:05:01.051408+00:00'
apm_version: 0.24.1
dependencies:
- repo_url: jonhill90/skills
  name: skills-public
  host: github.com
  resolved_commit: 0ebaf91e6b2adc7ab2ac6e9aa86c8ddb099afd94
  resolved_ref: 0ebaf91e6b2adc7ab2ac6e9aa86c8ddb099afd94
  version: 0.0.0
  package_type: skill_bundle
  content_hash: sha256:e6893514ab32e3b51da81ce0a90cccfa62fc0d8cd5bae420d019eb3db1bce15a
  skill_subset:
  - '*'
- repo_url: jonhill90/skills-private
  name: skills-private
  host: github.com
  resolved_commit: 6c19c64dddd0681cb36f7f7ae5bde7ae8dcbdec7
  resolved_ref: 6c19c64dddd0681cb36f7f7ae5bde7ae8dcbdec7
  version: 0.0.0
  package_type: skill_bundle
  content_hash: sha256:411bf1cfc72b536f13ef207375cbed9aeabbcf52e424591d3401a3236efe3985
  skill_subset:
  - '*'
